
Microsoft Visual Studio Solution File, Format Version 12.00
# Visual Studio Version 17
VisualStudioVersion = 17.8.34316.72
MinimumVisualStudioVersion = 10.0.40219.1
Project("{FAE04EC0-301F-11D3-BF4B-00C04F79EFBC}") = "BankingOnline", "BankingOnline\BankingOnline.csproj", "{92E3E77D-085D-40B8-B0FC-4A2718F0D473}"
EndProject
Global
	GlobalSection(SolutionConfigurationPlatforms) = preSolution
		Debug|Any CPU = Debug|Any CPU
		Release|Any CPU = Release|Any CPU
	EndGlobalSection
	GlobalSection(ProjectConfigurationPlatforms) = postSolution
		{92E3E77D-085D-40B8-B0FC-4A2718F0D473}.Debug|Any CPU.ActiveCfg = Debug|Any CPU
		{92E3E77D-085D-40B8-B0FC-4A2718F0D473}.Debug|Any CPU.Build.0 = Debug|Any CPU
		{92E3E77D-085D-40B8-B0FC-4A2718F0D473}.Release|Any CPU.ActiveCfg = Release|Any CPU
		{92E3E77D-085D-40B8-B0FC-4A2718F0D473}.Release|Any CPU.Build.0 = Release|Any CPU
	EndGlobalSection
	GlobalSection(SolutionProperties) = preSolution
		HideSolutionNode = FALSE
	EndGlobalSection
	GlobalSection(ExtensibilityGlobals) = postSolution
		SolutionGuid = {7DDBF3FF-911F-4DE2-AEC5-B1EA0A7F4A9D}
	EndGlobalSection
EndGlobal
