
Microsoft Visual Studio Solution File, Format Version 12.00
# Visual Studio Version 17
VisualStudioVersion = 17.8.34309.116
MinimumVisualStudioVersion = 10.0.40219.1
Project("{FAE04EC0-301F-11D3-BF4B-00C04F79EFBC}") = "Ejercicio1", "Ejercicio1.csproj", "{21434E0F-55BD-4A9B-A8A6-FF8366D8B961}"
EndProject
Global
	GlobalSection(SolutionConfigurationPlatforms) = preSolution
		Debug|Any CPU = Debug|Any CPU
		Release|Any CPU = Release|Any CPU
	EndGlobalSection
	GlobalSection(ProjectConfigurationPlatforms) = postSolution
		{21434E0F-55BD-4A9B-A8A6-FF8366D8B961}.Debug|Any CPU.ActiveCfg = Debug|Any CPU
		{21434E0F-55BD-4A9B-A8A6-FF8366D8B961}.Debug|Any CPU.Build.0 = Debug|Any CPU
		{21434E0F-55BD-4A9B-A8A6-FF8366D8B961}.Release|Any CPU.ActiveCfg = Release|Any CPU
		{21434E0F-55BD-4A9B-A8A6-FF8366D8B961}.Release|Any CPU.Build.0 = Release|Any CPU
	EndGlobalSection
	GlobalSection(SolutionProperties) = preSolution
		HideSolutionNode = FALSE
	EndGlobalSection
	GlobalSection(ExtensibilityGlobals) = postSolution
		SolutionGuid = {963F9C4E-9D56-4CC0-AE0A-3E1832B222B3}
	EndGlobalSection
EndGlobal
